<?xml version="1.0" encoding="utf-8"?>
<Project ToolsVersion="4.0" xmlns="http://schemas.microsoft.com/developer/msbuild/2003">
  <ItemGroup>
    <ClCompile Include="Board.cpp" />
    <ClCompile Include="Chess0.cpp" />
    <ClCompile Include="Chess1.cpp" />
    <ClCompile Include="Chess2.cpp" />
    <ClCompile Include="Chess3.cpp" />
    <ClCompile Include="Chess4.cpp" />
    <ClCompile Include="Chess5.cpp" />
    <ClCompile Include="Chess6.cpp" />
    <ClCompile Include="GameManager.cpp" />
    <ClCompile Include="GameOver.cpp" />
    <ClCompile Include="Pos.cpp" />
    <ClCompile Include="Viewer.cpp" />
    <ClCompile Include="Chess.cpp" />
    <ClCompile Include="Chinese_Chess.cpp" />
    <ClCompile Include="main.cpp" />
  </ItemGroup>
  <ItemGroup>
    <ClInclude Include="Board.h" />
    <ClInclude Include="Chess.h" />
    <ClInclude Include="Chess0.h" />
    <ClInclude Include="Chess1.h" />
    <ClInclude Include="Chess2.h" />
    <ClInclude Include="Chess3.h" />
    <ClInclude Include="Chess4.h" />
    <ClInclude Include="Chess5.h" />
    <ClInclude Include="Chess6.h" />
    <ClInclude Include="GameManager.h" />
    <ClInclude Include="Pos.h" />
    <ClInclude Include="Viewer.h" />
  </ItemGroup>
  <ItemGroup>
    <QtMoc Include="Chinese_Chess.h" />
    <QtMoc Include="GameOver.h" />
  </ItemGroup>
  <ItemGroup>
    <QtRcc Include="Chinese_Chess.qrc" />
  </ItemGroup>
  <ItemGroup>
    <QtUic Include="Chinese_Chess.ui" />
    <QtUic Include="GameOver.ui" />
  </ItemGroup>
</Project>