<?xml version="1.0" encoding="utf-8"?>
<Project ToolsVersion="4.0" xmlns="http://schemas.microsoft.com/developer/msbuild/2003">
  <ItemGroup>
    <ClCompile Include="Board.cpp">
      <Filter>Source Files</Filter>
    </ClCompile>
    <ClCompile Include="Chess.cpp">
      <Filter>Source Files</Filter>
    </ClCompile>
    <ClCompile Include="Chess0.cpp">
      <Filter>Source Files</Filter>
    </ClCompile>
    <ClCompile Include="Chess1.cpp">
      <Filter>Source Files</Filter>
    </ClCompile>
    <ClCompile Include="Chess2.cpp">
      <Filter>Source Files</Filter>
    </ClCompile>
    <ClCompile Include="Chess3.cpp">
      <Filter>Source Files</Filter>
    </ClCompile>
    <ClCompile Include="Chess4.cpp">
      <Filter>Source Files</Filter>
    </ClCompile>
    <ClCompile Include="Chess5.cpp">
      <Filter>Source Files</Filter>
    </ClCompile>
    <ClCompile Include="Chess6.cpp">
      <Filter>Source Files</Filter>
    </ClCompile>
    <ClCompile Include="Chinese_Chess.cpp">
      <Filter>Source Files</Filter>
    </ClCompile>
    <ClCompile Include="GameManager.cpp">
      <Filter>Source Files</Filter>
    </ClCompile>
    <ClCompile Include="GameOver.cpp">
      <Filter>Source Files</Filter>
    </ClCompile>
    <ClCompile Include="main.cpp">
      <Filter>Source Files</Filter>
    </ClCompile>
    <ClCompile Include="Pos.cpp">
      <Filter>Source Files</Filter>
    </ClCompile>
    <ClCompile Include="Viewer.cpp">
      <Filter>Source Files</Filter>
    </ClCompile>
  </ItemGroup>
  <ItemGroup>
    <ClInclude Include="Board.h">
      <Filter>Header Files</Filter>
    </ClInclude>
    <ClInclude Include="Chess.h">
      <Filter>Header Files</Filter>
    </ClInclude>
    <ClInclude Include="Chess0.h">
      <Filter>Header Files</Filter>
    </ClInclude>
    <ClInclude Include="Chess1.h">
      <Filter>Header Files</Filter>
    </ClInclude>
    <ClInclude Include="Chess2.h">
      <Filter>Header Files</Filter>
    </ClInclude>
    <ClInclude Include="Chess3.h">
      <Filter>Header Files</Filter>
    </ClInclude>
    <ClInclude Include="Chess4.h">
      <Filter>Header Files</Filter>
    </ClInclude>
    <ClInclude Include="Chess5.h">
      <Filter>Header Files</Filter>
    </ClInclude>
    <ClInclude Include="Chess6.h">
      <Filter>Header Files</Filter>
    </ClInclude>
    <ClInclude Include="GameManager.h">
      <Filter>Header Files</Filter>
    </ClInclude>
    <ClInclude Include="Pos.h">
      <Filter>Header Files</Filter>
    </ClInclude>
    <ClInclude Include="Viewer.h">
      <Filter>Header Files</Filter>
    </ClInclude>
  </ItemGroup>
  <ItemGroup>
    <QtMoc Include="Chinese_Chess.h">
      <Filter>Header Files</Filter>
    </QtMoc>
    <QtMoc Include="GameOver.h">
      <Filter>Header Files</Filter>
    </QtMoc>
  </ItemGroup>
  <ItemGroup>
    <QtUic Include="Chinese_Chess.ui">
      <Filter>Form Files</Filter>
    </QtUic>
    <QtUic Include="GameOver.ui">
      <Filter>Form Files</Filter>
    </QtUic>
  </ItemGroup>
  <ItemGroup>
    <Filter Include="Source Files">
      <UniqueIdentifier>{1aeedba4-7395-4b0c-a362-39378156b0a1}</UniqueIdentifier>
    </Filter>
    <Filter Include="Header Files">
      <UniqueIdentifier>{83f1e80b-f8e5-4cd1-a5f8-4c2a2156ca2b}</UniqueIdentifier>
    </Filter>
    <Filter Include="Form Files">
      <UniqueIdentifier>{f2b0ed09-3558-4800-808e-8ca0c48599cd}</UniqueIdentifier>
    </Filter>
    <Filter Include="Resource Files">
      <UniqueIdentifier>{72140c06-9796-403e-9cad-e4173bcfe519}</UniqueIdentifier>
    </Filter>
  </ItemGroup>
  <ItemGroup>
    <QtRcc Include="Chinese_Chess.qrc">
      <Filter>Resource Files</Filter>
    </QtRcc>
  </ItemGroup>
</Project>