<?xml version="1.0" encoding="utf-8"?>
<Project ToolsVersion="4.0" xmlns="http://schemas.microsoft.com/developer/msbuild/2003">
  <ItemGroup>
    <ClCompile Include="Board.cpp">
      <Filter>Source Files</Filter>
    </ClCompile>
    <ClCompile Include="Chess.cpp">
      <Filter>Source Files</Filter>
    </ClCompile>
    <ClCompile Include="Chess0.cpp">
      <Filter>Source Files</Filter>
    </ClCompile>
    <ClCompile Include="Chess1.cpp">
      <Filter>Source Files</Filter>
    </ClCompile>
    <ClCompile Include="Chess2.cpp">
      <Filter>Source Files</Filter>
    </ClCompile>
    <ClCompile Include="Chess3.cpp">
      <Filter>Source Files</Filter>
    </ClCompile>
    <ClCompile Include="Chess4.cpp">
      <Filter>Source Files</Filter>
    </ClCompile>
    <ClCompile Include="Chess5.cpp">
      <Filter>Source Files</Filter>
    </ClCompile>
    <ClCompile Include="Chess6.cpp">
      <Filter>Source Files</Filter>
    </ClCompile>
    <ClCompile Include="Chinese_Chess.cpp">
      <Filter>Source Files</Filter>
    </ClCompile>
    <ClCompile Include="GameManager.cpp">
      <Filter>Source Files</Filter>
    </ClCompile>
    <ClCompile Include="GameOver.cpp">
      <Filter>Source Files</Filter>
    </ClCompile>
    <ClCompile Include="main.cpp">
      <Filter>Source Files</Filter>
    </ClCompile>
    <ClCompile Include="Pos.cpp">
      <Filter>Source Files</Filter>
    </ClCompile>
    <ClCompile Include="Viewer.cpp">
      <Filter>Source Files</Filter>
    </ClCompile>
  </ItemGroup>
  <ItemGroup>
    <ClInclude Include="Board.h">
      <Filter>Header Files</Filter>
    </ClInclude>
    <ClInclude Include="Chess.h">
      <Filter>Header Files</Filter>
    </ClInclude>
    <ClInclude Include="Chess0.h">
      <Filter>Header Files</Filter>
    </ClInclude>
    <ClInclude Include="Chess1.h">
      <Filter>Header Files</Filter>
    </ClInclude>
    <ClInclude Include="Chess2.h">
      <Filter>Header Files</Filter>
    </ClInclude>
    <ClInclude Include="Chess3.h">
      <Filter>Header Files</Filter>
    </ClInclude>
    <ClInclude Include="Chess4.h">
      <Filter>Header Files</Filter>
    </ClInclude>
    <ClInclude Include="Chess5.h">
      <Filter>Header Files</Filter>
    </ClInclude>
    <ClInclude Include="Chess6.h">
      <Filter>Header Files</Filter>
    </ClInclude>
    <ClInclude Include="GameManager.h">
      <Filter>Header Files</Filter>
    </ClInclude>
    <ClInclude Include="Pos.h">
      <Filter>Header Files</Filter>
    </ClInclude>
    <ClInclude Include="Viewer.h">
      <Filter>Header Files</Filter>
    </ClInclude>
  </ItemGroup>
  <ItemGroup>
    <QtMoc Include="Chinese_Chess.h">
      <Filter>Header Files</Filter>
    </QtMoc>
    <QtMoc Include="GameOver.h">
      <Filter>Header Files</Filter>
    </QtMoc>
  </ItemGroup>
  <ItemGroup>
    <QtUic Include="Chinese_Chess.ui">
      <Filter>Form Files</Filter>
    </QtUic>
    <QtUic Include="GameOver.ui">
      <Filter>Form Files</Filter>
    </QtUic>
  </ItemGroup>
  <ItemGroup>
    <Filter Include="Form Files">
      <UniqueIdentifier>{5a99b340-efca-4c48-9459-707472fa31a1}</UniqueIdentifier>
    </Filter>
    <Filter Include="Header Files">
      <UniqueIdentifier>{fccfdca0-5513-4ed0-806c-941a981765fb}</UniqueIdentifier>
    </Filter>
    <Filter Include="Source Files">
      <UniqueIdentifier>{31e9ad48-e88a-45cb-afd0-5eed0ba2603a}</UniqueIdentifier>
    </Filter>
    <Filter Include="Resource Files">
      <UniqueIdentifier>{b89d1171-6f41-4781-9e74-0a543e3cc177}</UniqueIdentifier>
    </Filter>
  </ItemGroup>
  <ItemGroup>
    <QtRcc Include="Chinese_Chess.qrc">
      <Filter>Resource Files</Filter>
    </QtRcc>
  </ItemGroup>
</Project>